
Microsoft Visual Studio Solution File, Format Version 12.00
# Visual Studio Version 16
VisualStudioVersion = 16.0.28917.181
MinimumVisualStudioVersion = 10.0.40219.1
Project("{2150E333-8FDC-42A3-9474-1A3956D46DE8}") = "Logic", "Logic", "{71CA09E2-5C2A-4B66-9E00-2768A79E53EE}"
EndProject
Project("{2150E333-8FDC-42A3-9474-1A3956D46DE8}") = "UI", "UI", "{EECF86F7-40E0-4680-BD3E-2272CD831F98}"
EndProject
Project("{2150E333-8FDC-42A3-9474-1A3956D46DE8}") = "WebmoneyLibraries", "WebmoneyLibraries", "{0AB9CD8E-6693-404D-895C-C3AC57E2136D}"
EndProject
Project("{2150E333-8FDC-42A3-9474-1A3956D46DE8}") = "Vendors", "Vendors", "{E5653226-3E35-42E4-AE62-5A42C947D4DF}"
EndProject
Project("{2150E333-8FDC-42A3-9474-1A3956D46DE8}") = "Webmoney", "Webmoney", "{87832F6F-9F8B-4BC8-B297-905387008A7B}"
EndProject
Project("{9A19103F-16F7-4668-BE54-9A1E7A4F7556}") = "TradeLogic", "Logic\TradeLogic\TradeLogic.csproj", "{BCF1592C-F058-4459-82F2-F6FB0594C8C1}"
EndProject
Project("{9A19103F-16F7-4668-BE54-9A1E7A4F7556}") = "CommonLibrary", "Logic\CommonInterfaces\CommonLibrary.csproj", "{E418BC04-09A0-4F1C-AEFF-D72C01EDA70A}"
EndProject
Project("{9A19103F-16F7-4668-BE54-9A1E7A4F7556}") = "CacheProcessor", "Logic\CacheProcessor\CacheProcessor.csproj", "{05AB5134-D67E-445C-9C0F-52D0360F6EE6}"
EndProject
Project("{FAE04EC0-301F-11D3-BF4B-00C04F79EFBC}") = "WpfClient", "UI\WpfClient\WpfClient.csproj", "{51AD7EEA-774C-4F3B-A5B7-0FBC583B79C1}"
EndProject
Project("{9A19103F-16F7-4668-BE54-9A1E7A4F7556}") = "WmExchangerVendor", "Vendors\WmExchangerVendor\WmExchangerVendor.csproj", "{0ADFD169-2872-4B0B-9387-CEEFAD363046}"
EndProject
Project("{FAE04EC0-301F-11D3-BF4B-00C04F79EFBC}") = "WebMoney.Cryptography", "Vendors\WebmoneyLibraries\WebMoney.Cryptography\WebMoney.Cryptography.csproj", "{862A440D-B4C1-4F81-828A-7FAA781FD5C7}"
EndProject
Project("{FAE04EC0-301F-11D3-BF4B-00C04F79EFBC}") = "WebMoney.Cryptography.Tests", "Vendors\WebmoneyLibraries\WebMoney.Cryptography.Tests\WebMoney.Cryptography.Tests.csproj", "{EC9A2B80-AE4D-452D-B067-5AA0B050C2EF}"
EndProject
Project("{FAE04EC0-301F-11D3-BF4B-00C04F79EFBC}") = "WebMoney.KeyExtractor", "Vendors\WebmoneyLibraries\WebMoney.KeyExtractor\WebMoney.KeyExtractor.csproj", "{4A2DA302-715C-44E1-90AC-39EBA9D25A2A}"
EndProject
Project("{FAE04EC0-301F-11D3-BF4B-00C04F79EFBC}") = "WebMoney.XmlInterfaces", "Vendors\WebmoneyLibraries\WebMoney.XmlInterfaces\WebMoney.XmlInterfaces.csproj", "{F810F3AD-9AC5-4A29-A25E-1F49DC5D621D}"
EndProject
Project("{FAE04EC0-301F-11D3-BF4B-00C04F79EFBC}") = "TestConsole", "UI\TestConsole\TestConsole.csproj", "{B44A4291-0DF8-4BEC-8CBB-53C659E18819}"
EndProject
Global
	GlobalSection(SolutionConfigurationPlatforms) = preSolution
		Debug|Any CPU = Debug|Any CPU
		Release|Any CPU = Release|Any CPU
	EndGlobalSection
	GlobalSection(ProjectConfigurationPlatforms) = postSolution
		{BCF1592C-F058-4459-82F2-F6FB0594C8C1}.Debug|Any CPU.ActiveCfg = Debug|Any CPU
		{BCF1592C-F058-4459-82F2-F6FB0594C8C1}.Debug|Any CPU.Build.0 = Debug|Any CPU
		{BCF1592C-F058-4459-82F2-F6FB0594C8C1}.Release|Any CPU.ActiveCfg = Release|Any CPU
		{BCF1592C-F058-4459-82F2-F6FB0594C8C1}.Release|Any CPU.Build.0 = Release|Any CPU
		{E418BC04-09A0-4F1C-AEFF-D72C01EDA70A}.Debug|Any CPU.ActiveCfg = Debug|Any CPU
		{E418BC04-09A0-4F1C-AEFF-D72C01EDA70A}.Debug|Any CPU.Build.0 = Debug|Any CPU
		{E418BC04-09A0-4F1C-AEFF-D72C01EDA70A}.Release|Any CPU.ActiveCfg = Release|Any CPU
		{E418BC04-09A0-4F1C-AEFF-D72C01EDA70A}.Release|Any CPU.Build.0 = Release|Any CPU
		{05AB5134-D67E-445C-9C0F-52D0360F6EE6}.Debug|Any CPU.ActiveCfg = Debug|Any CPU
		{05AB5134-D67E-445C-9C0F-52D0360F6EE6}.Debug|Any CPU.Build.0 = Debug|Any CPU
		{05AB5134-D67E-445C-9C0F-52D0360F6EE6}.Release|Any CPU.ActiveCfg = Release|Any CPU
		{05AB5134-D67E-445C-9C0F-52D0360F6EE6}.Release|Any CPU.Build.0 = Release|Any CPU
		{51AD7EEA-774C-4F3B-A5B7-0FBC583B79C1}.Debug|Any CPU.ActiveCfg = Debug|Any CPU
		{51AD7EEA-774C-4F3B-A5B7-0FBC583B79C1}.Debug|Any CPU.Build.0 = Debug|Any CPU
		{51AD7EEA-774C-4F3B-A5B7-0FBC583B79C1}.Release|Any CPU.ActiveCfg = Release|Any CPU
		{51AD7EEA-774C-4F3B-A5B7-0FBC583B79C1}.Release|Any CPU.Build.0 = Release|Any CPU
		{0ADFD169-2872-4B0B-9387-CEEFAD363046}.Debug|Any CPU.ActiveCfg = Debug|Any CPU
		{0ADFD169-2872-4B0B-9387-CEEFAD363046}.Debug|Any CPU.Build.0 = Debug|Any CPU
		{0ADFD169-2872-4B0B-9387-CEEFAD363046}.Release|Any CPU.ActiveCfg = Release|Any CPU
		{0ADFD169-2872-4B0B-9387-CEEFAD363046}.Release|Any CPU.Build.0 = Release|Any CPU
		{862A440D-B4C1-4F81-828A-7FAA781FD5C7}.Debug|Any CPU.ActiveCfg = Debug|Any CPU
		{862A440D-B4C1-4F81-828A-7FAA781FD5C7}.Debug|Any CPU.Build.0 = Debug|Any CPU
		{862A440D-B4C1-4F81-828A-7FAA781FD5C7}.Release|Any CPU.ActiveCfg = Release|Any CPU
		{862A440D-B4C1-4F81-828A-7FAA781FD5C7}.Release|Any CPU.Build.0 = Release|Any CPU
		{EC9A2B80-AE4D-452D-B067-5AA0B050C2EF}.Debug|Any CPU.ActiveCfg = Debug|Any CPU
		{EC9A2B80-AE4D-452D-B067-5AA0B050C2EF}.Debug|Any CPU.Build.0 = Debug|Any CPU
		{EC9A2B80-AE4D-452D-B067-5AA0B050C2EF}.Release|Any CPU.ActiveCfg = Release|Any CPU
		{EC9A2B80-AE4D-452D-B067-5AA0B050C2EF}.Release|Any CPU.Build.0 = Release|Any CPU
		{4A2DA302-715C-44E1-90AC-39EBA9D25A2A}.Debug|Any CPU.ActiveCfg = Debug|Any CPU
		{4A2DA302-715C-44E1-90AC-39EBA9D25A2A}.Debug|Any CPU.Build.0 = Debug|Any CPU
		{4A2DA302-715C-44E1-90AC-39EBA9D25A2A}.Release|Any CPU.ActiveCfg = Release|Any CPU
		{4A2DA302-715C-44E1-90AC-39EBA9D25A2A}.Release|Any CPU.Build.0 = Release|Any CPU
		{F810F3AD-9AC5-4A29-A25E-1F49DC5D621D}.Debug|Any CPU.ActiveCfg = Debug|Any CPU
		{F810F3AD-9AC5-4A29-A25E-1F49DC5D621D}.Debug|Any CPU.Build.0 = Debug|Any CPU
		{F810F3AD-9AC5-4A29-A25E-1F49DC5D621D}.Release|Any CPU.ActiveCfg = Release|Any CPU
		{F810F3AD-9AC5-4A29-A25E-1F49DC5D621D}.Release|Any CPU.Build.0 = Release|Any CPU
		{B44A4291-0DF8-4BEC-8CBB-53C659E18819}.Debug|Any CPU.ActiveCfg = Debug|Any CPU
		{B44A4291-0DF8-4BEC-8CBB-53C659E18819}.Debug|Any CPU.Build.0 = Debug|Any CPU
		{B44A4291-0DF8-4BEC-8CBB-53C659E18819}.Release|Any CPU.ActiveCfg = Release|Any CPU
		{B44A4291-0DF8-4BEC-8CBB-53C659E18819}.Release|Any CPU.Build.0 = Release|Any CPU
	EndGlobalSection
	GlobalSection(SolutionProperties) = preSolution
		HideSolutionNode = FALSE
	EndGlobalSection
	GlobalSection(NestedProjects) = preSolution
		{0AB9CD8E-6693-404D-895C-C3AC57E2136D} = {87832F6F-9F8B-4BC8-B297-905387008A7B}
		{87832F6F-9F8B-4BC8-B297-905387008A7B} = {E5653226-3E35-42E4-AE62-5A42C947D4DF}
		{BCF1592C-F058-4459-82F2-F6FB0594C8C1} = {71CA09E2-5C2A-4B66-9E00-2768A79E53EE}
		{E418BC04-09A0-4F1C-AEFF-D72C01EDA70A} = {71CA09E2-5C2A-4B66-9E00-2768A79E53EE}
		{05AB5134-D67E-445C-9C0F-52D0360F6EE6} = {71CA09E2-5C2A-4B66-9E00-2768A79E53EE}
		{51AD7EEA-774C-4F3B-A5B7-0FBC583B79C1} = {EECF86F7-40E0-4680-BD3E-2272CD831F98}
		{0ADFD169-2872-4B0B-9387-CEEFAD363046} = {87832F6F-9F8B-4BC8-B297-905387008A7B}
		{862A440D-B4C1-4F81-828A-7FAA781FD5C7} = {0AB9CD8E-6693-404D-895C-C3AC57E2136D}
		{EC9A2B80-AE4D-452D-B067-5AA0B050C2EF} = {0AB9CD8E-6693-404D-895C-C3AC57E2136D}
		{4A2DA302-715C-44E1-90AC-39EBA9D25A2A} = {0AB9CD8E-6693-404D-895C-C3AC57E2136D}
		{F810F3AD-9AC5-4A29-A25E-1F49DC5D621D} = {0AB9CD8E-6693-404D-895C-C3AC57E2136D}
		{B44A4291-0DF8-4BEC-8CBB-53C659E18819} = {EECF86F7-40E0-4680-BD3E-2272CD831F98}
	EndGlobalSection
	GlobalSection(ExtensibilityGlobals) = postSolution
		SolutionGuid = {1497632B-27A7-461A-9615-73A80A9544DC}
	EndGlobalSection
EndGlobal
