
Microsoft Visual Studio Solution File, Format Version 12.00
# Visual Studio Version 16
VisualStudioVersion = 16.0.28917.181
MinimumVisualStudioVersion = 10.0.40219.1
Project("{9A19103F-16F7-4668-BE54-9A1E7A4F7556}") = "TradeLogic", "TradeLogic\TradeLogic.csproj", "{E0DBB996-FC4E-4689-A715-54155A4860DC}"
EndProject
Project("{FAE04EC0-301F-11D3-BF4B-00C04F79EFBC}") = "WmExchangerVendor", "WmExchangerVendor\WmExchangerVendor.csproj", "{F4CC146F-B061-4F6A-8887-787462D1A87A}"
EndProject
Project("{FAE04EC0-301F-11D3-BF4B-00C04F79EFBC}") = "CommonInterfaces", "CommonInterfaces\CommonInterfaces.csproj", "{F68243DD-A41D-4619-8FFF-193E63A4DFE5}"
EndProject
Project("{FAE04EC0-301F-11D3-BF4B-00C04F79EFBC}") = "CacheProcessor", "CacheProcessor\CacheProcessor.csproj", "{E7B9C3A5-F429-4B93-BB9D-5AFDBE01650D}"
EndProject
Project("{FAE04EC0-301F-11D3-BF4B-00C04F79EFBC}") = "WpfClient", "WpfClient\WpfClient.csproj", "{51AD7EEA-774C-4F3B-A5B7-0FBC583B79C1}"
EndProject
Global
	GlobalSection(SolutionConfigurationPlatforms) = preSolution
		Debug|Any CPU = Debug|Any CPU
		Release|Any CPU = Release|Any CPU
	EndGlobalSection
	GlobalSection(ProjectConfigurationPlatforms) = postSolution
		{E0DBB996-FC4E-4689-A715-54155A4860DC}.Debug|Any CPU.ActiveCfg = Debug|Any CPU
		{E0DBB996-FC4E-4689-A715-54155A4860DC}.Debug|Any CPU.Build.0 = Debug|Any CPU
		{E0DBB996-FC4E-4689-A715-54155A4860DC}.Release|Any CPU.ActiveCfg = Release|Any CPU
		{E0DBB996-FC4E-4689-A715-54155A4860DC}.Release|Any CPU.Build.0 = Release|Any CPU
		{F4CC146F-B061-4F6A-8887-787462D1A87A}.Debug|Any CPU.ActiveCfg = Debug|Any CPU
		{F4CC146F-B061-4F6A-8887-787462D1A87A}.Debug|Any CPU.Build.0 = Debug|Any CPU
		{F4CC146F-B061-4F6A-8887-787462D1A87A}.Release|Any CPU.ActiveCfg = Release|Any CPU
		{F4CC146F-B061-4F6A-8887-787462D1A87A}.Release|Any CPU.Build.0 = Release|Any CPU
		{F68243DD-A41D-4619-8FFF-193E63A4DFE5}.Debug|Any CPU.ActiveCfg = Debug|Any CPU
		{F68243DD-A41D-4619-8FFF-193E63A4DFE5}.Debug|Any CPU.Build.0 = Debug|Any CPU
		{F68243DD-A41D-4619-8FFF-193E63A4DFE5}.Release|Any CPU.ActiveCfg = Release|Any CPU
		{F68243DD-A41D-4619-8FFF-193E63A4DFE5}.Release|Any CPU.Build.0 = Release|Any CPU
		{E7B9C3A5-F429-4B93-BB9D-5AFDBE01650D}.Debug|Any CPU.ActiveCfg = Debug|Any CPU
		{E7B9C3A5-F429-4B93-BB9D-5AFDBE01650D}.Debug|Any CPU.Build.0 = Debug|Any CPU
		{E7B9C3A5-F429-4B93-BB9D-5AFDBE01650D}.Release|Any CPU.ActiveCfg = Release|Any CPU
		{E7B9C3A5-F429-4B93-BB9D-5AFDBE01650D}.Release|Any CPU.Build.0 = Release|Any CPU
		{51AD7EEA-774C-4F3B-A5B7-0FBC583B79C1}.Debug|Any CPU.ActiveCfg = Debug|Any CPU
		{51AD7EEA-774C-4F3B-A5B7-0FBC583B79C1}.Debug|Any CPU.Build.0 = Debug|Any CPU
		{51AD7EEA-774C-4F3B-A5B7-0FBC583B79C1}.Release|Any CPU.ActiveCfg = Release|Any CPU
		{51AD7EEA-774C-4F3B-A5B7-0FBC583B79C1}.Release|Any CPU.Build.0 = Release|Any CPU
	EndGlobalSection
	GlobalSection(SolutionProperties) = preSolution
		HideSolutionNode = FALSE
	EndGlobalSection
	GlobalSection(ExtensibilityGlobals) = postSolution
		SolutionGuid = {1497632B-27A7-461A-9615-73A80A9544DC}
	EndGlobalSection
EndGlobal
